
Microsoft Visual Studio Solution File, Format Version 12.00
# Visual Studio Version 17
VisualStudioVersion = 17.9.34728.123
MinimumVisualStudioVersion = 10.0.40219.1
Project("{9A19103F-16F7-4668-BE54-9A1E7A4F7556}") = "AutomobileLibrary", "AutomobileLibrary\AutomobileLibrary.csproj", "{0EFA6F86-E6ED-426D-B477-B706999730A7}"
EndProject
Project("{FAE04EC0-301F-11D3-BF4B-00C04F79EFBC}") = "AutomobileWinApp", "AutomobileWinApp\AutomobileWinApp.csproj", "{35103918-0075-4F88-BE48-6881B629BE8B}"
EndProject
Global
	GlobalSection(SolutionConfigurationPlatforms) = preSolution
		Debug|Any CPU = Debug|Any CPU
		Release|Any CPU = Release|Any CPU
	EndGlobalSection
	GlobalSection(ProjectConfigurationPlatforms) = postSolution
		{0EFA6F86-E6ED-426D-B477-B706999730A7}.Debug|Any CPU.ActiveCfg = Debug|Any CPU
		{0EFA6F86-E6ED-426D-B477-B706999730A7}.Debug|Any CPU.Build.0 = Debug|Any CPU
		{0EFA6F86-E6ED-426D-B477-B706999730A7}.Release|Any CPU.ActiveCfg = Release|Any CPU
		{0EFA6F86-E6ED-426D-B477-B706999730A7}.Release|Any CPU.Build.0 = Release|Any CPU
		{35103918-0075-4F88-BE48-6881B629BE8B}.Debug|Any CPU.ActiveCfg = Debug|Any CPU
		{35103918-0075-4F88-BE48-6881B629BE8B}.Debug|Any CPU.Build.0 = Debug|Any CPU
		{35103918-0075-4F88-BE48-6881B629BE8B}.Release|Any CPU.ActiveCfg = Release|Any CPU
		{35103918-0075-4F88-BE48-6881B629BE8B}.Release|Any CPU.Build.0 = Release|Any CPU
	EndGlobalSection
	GlobalSection(SolutionProperties) = preSolution
		HideSolutionNode = FALSE
	EndGlobalSection
	GlobalSection(ExtensibilityGlobals) = postSolution
		SolutionGuid = {AF0A4423-5A31-4FE8-AE16-03890BA0A3E9}
	EndGlobalSection
EndGlobal
